// !$*UTF8*$!
{
	archiveVersion = 1;
	classes = {
	};
	objectVersion = 77;
	objects = {

/* Begin PBXBuildFile section */
		6889A34C2EAED9B100DEE96B /* FirebaseAnalytics in Frameworks */ = {isa = PBXBuildFile; productRef = 6889A34B2EAED9B100DEE96B /* FirebaseAnalytics */; };
		6889A34E2EAED9B100DEE96B /* FirebaseAnalyticsCore in Frameworks */ = {isa = PBXBuildFile; productRef = 6889A34D2EAED9B100DEE96B /* FirebaseAnalyticsCore */; };
		6889A3502EAED9B100DEE96B /* FirebaseAnalyticsIdentitySupport in Frameworks */ = {isa = PBXBuildFile; productRef = 6889A34F2EAED9B100DEE96B /* FirebaseAnalyticsIdentitySupport */; };
		6889A3522EAED9B100DEE96B /* FirebaseAppCheck in Frameworks */ = {isa = PBXBuildFile; productRef = 6889A3512EAED9B100DEE96B /* FirebaseAppCheck */; };
/* End PBXBuildFile section */

/* Begin PBXContainerItemProxy section */
		680BBC5A2E613B4000D716B9 /* PBXContainerItemProxy */ = {
			isa = PBXContainerItemProxy;
			containerPortal = 680BBC3E2E613B3F00D716B9 /* Project object */;
			proxyType = 1;
			remoteGlobalIDString = 680BBC452E613B3F00D716B9;
			remoteInfo = DumbbellWeights;
		};
		680BBC642E613B4000D716B9 /* PBXContainerItemProxy */ = {
			isa = PBXContainerItemProxy;
			containerPortal = 680BBC3E2E613B3F00D716B9 /* Project object */;
			proxyType = 1;
			remoteGlobalIDString = 680BBC452E613B3F00D716B9;
			remoteInfo = DumbbellWeights;
		};
/* End PBXContainerItemProxy section */

/* Begin PBXFileReference section */
		680BBC462E613B3F00D716B9 /* DumbbellWeights.app */ = {isa = PBXFileReference; explicitFileType = wrapper.application; includeInIndex = 0; path = DumbbellWeights.app; sourceTree = BUILT_PRODUCTS_DIR; };
		680BBC592E613B4000D716B9 /* DumbbellWeightsTests.xctest */ = {isa = PBXFileReference; explicitFileType = wrapper.cfbundle; includeInIndex = 0; path = DumbbellWeightsTests.xctest; sourceTree = BUILT_PRODUCTS_DIR; };
		680BBC632E613B4000D716B9 /* DumbbellWeightsUITests.xctest */ = {isa = PBXFileReference; explicitFileType = wrapper.cfbundle; includeInIndex = 0; path = DumbbellWeightsUITests.xctest; sourceTree = BUILT_PRODUCTS_DIR; };
/* End PBXFileReference section */

/* Begin PBXFileSystemSynchronizedRootGroup section */
		680BBC482E613B3F00D716B9 /* DumbbellWeights */ = {
			isa = PBXFileSystemSynchronizedRootGroup;
			path = DumbbellWeights;
			sourceTree = "<group>";
		};
		680BBC5C2E613B4000D716B9 /* DumbbellWeightsTests */ = {
			isa = PBXFileSystemSynchronizedRootGroup;
			path = DumbbellWeightsTests;
			sourceTree = "<group>";
		};
		680BBC662E613B4000D716B9 /* DumbbellWeightsUITests */ = {
			isa = PBXFileSystemSynchronizedRootGroup;
			path = DumbbellWeightsUITests;
			sourceTree = "<group>";
		};
/* End PBXFileSystemSynchronizedRootGroup section */

/* Begin PBXFrameworksBuildPhase section */
		680BBC432E613B3F00D716B9 /* Frameworks */ = {
			isa = PBXFrameworksBuildPhase;
			buildActionMask = 2147483647;
			files = (
				6889A3522EAED9B100DEE96B /* FirebaseAppCheck in Frameworks */,
				6889A34C2EAED9B100DEE96B /* FirebaseAnalytics in Frameworks */,
				6889A34E2EAED9B100DEE96B /* FirebaseAnalyticsCore in Frameworks */,
				6889A3502EAED9B100DEE96B /* FirebaseAnalyticsIdentitySupport in Frameworks */,
			);
			runOnlyForDeploymentPostprocessing = 0;
		};
		680BBC562E613B4000D716B9 /* Frameworks */ = {
			isa = PBXFrameworksBuildPhase;
			buildActionMask = 2147483647;
			files = (
			);
			runOnlyForDeploymentPostprocessing = 0;
		};
		680BBC602E613B4000D716B9 /* Frameworks */ = {
			isa = PBXFrameworksBuildPhase;
			buildActionMask = 2147483647;
			files = (
			);
			runOnlyForDeploymentPostprocessing = 0;
		};
/* End PBXFrameworksBuildPhase section */

/* Begin PBXGroup section */
		680BBC3D2E613B3F00D716B9 = {
			isa = PBXGroup;
			children = (
				680BBC482E613B3F00D716B9 /* DumbbellWeights */,
				680BBC5C2E613B4000D716B9 /* DumbbellWeightsTests */,
				680BBC662E613B4000D716B9 /* DumbbellWeightsUITests */,
				680BBC472E613B3F00D716B9 /* Products */,
			);
			sourceTree = "<group>";
		};
		680BBC472E613B3F00D716B9 /* Products */ = {
			isa = PBXGroup;
			children = (
				680BBC462E613B3F00D716B9 /* DumbbellWeights.app */,
				680BBC592E613B4000D716B9 /* DumbbellWeightsTests.xctest */,
				680BBC632E613B4000D716B9 /* DumbbellWeightsUITests.xctest */,
			);
			name = Products;
			sourceTree = "<group>";
		};
/* End PBXGroup section */

/* Begin PBXNativeTarget section */
		680BBC452E613B3F00D716B9 /* DumbbellWeights */ = {
			isa = PBXNativeTarget;
			buildConfigurationList = 680BBC6D2E613B4000D716B9 /* Build configuration list for PBXNativeTarget "DumbbellWeights" */;
			buildPhases = (
				680BBC422E613B3F00D716B9 /* Sources */,
				680BBC432E613B3F00D716B9 /* Frameworks */,
				680BBC442E613B3F00D716B9 /* Resources */,
			);
			buildRules = (
			);
			dependencies = (
			);
			fileSystemSynchronizedGroups = (
				680BBC482E613B3F00D716B9 /* DumbbellWeights */,
			);
			name = DumbbellWeights;
			packageProductDependencies = (
				6889A34B2EAED9B100DEE96B /* FirebaseAnalytics */,
				6889A34D2EAED9B100DEE96B /* FirebaseAnalyticsCore */,
				6889A34F2EAED9B100DEE96B /* FirebaseAnalyticsIdentitySupport */,
				6889A3512EAED9B100DEE96B /* FirebaseAppCheck */,
			);
			productName = DumbbellWeights;
			productReference = 680BBC462E613B3F00D716B9 /* DumbbellWeights.app */;
			productType = "com.apple.product-type.application";
		};
		680BBC582E613B4000D716B9 /* DumbbellWeightsTests */ = {
			isa = PBXNativeTarget;
			buildConfigurationList = 680BBC702E613B4000D716B9 /* Build configuration list for PBXNativeTarget "DumbbellWeightsTests" */;
			buildPhases = (
				680BBC552E613B4000D716B9 /* Sources */,
				680BBC562E613B4000D716B9 /* Frameworks */,
				680BBC572E613B4000D716B9 /* Resources */,
			);
			buildRules = (
			);
			dependencies = (
				680BBC5B2E613B4000D716B9 /* PBXTargetDependency */,
			);
			fileSystemSynchronizedGroups = (
				680BBC5C2E613B4000D716B9 /* DumbbellWeightsTests */,
			);
			name = DumbbellWeightsTests;
			packageProductDependencies = (
			);
			productName = DumbbellWeightsTests;
			productReference = 680BBC592E613B4000D716B9 /* DumbbellWeightsTests.xctest */;
			productType = "com.apple.product-type.bundle.unit-test";
		};
		680BBC622E613B4000D716B9 /* DumbbellWeightsUITests */ = {
			isa = PBXNativeTarget;
			buildConfigurationList = 680BBC732E613B4000D716B9 /* Build configuration list for PBXNativeTarget "DumbbellWeightsUITests" */;
			buildPhases = (
				680BBC5F2E613B4000D716B9 /* Sources */,
				680BBC602E613B4000D716B9 /* Frameworks */,
				680BBC612E613B4000D716B9 /* Resources */,
			);
			buildRules = (
			);
			dependencies = (
				680BBC652E613B4000D716B9 /* PBXTargetDependency */,
			);
			fileSystemSynchronizedGroups = (
				680BBC662E613B4000D716B9 /* DumbbellWeightsUITests */,
			);
			name = DumbbellWeightsUITests;
			packageProductDependencies = (
			);
			productName = DumbbellWeightsUITests;
			productReference = 680BBC632E613B4000D716B9 /* DumbbellWeightsUITests.xctest */;
			productType = "com.apple.product-type.bundle.ui-testing";
		};
/* End PBXNativeTarget section */

/* Begin PBXProject section */
		680BBC3E2E613B3F00D716B9 /* Project object */ = {
			isa = PBXProject;
			attributes = {
				BuildIndependentTargetsInParallel = 1;
				LastSwiftUpdateCheck = 1640;
				LastUpgradeCheck = 2600;
				TargetAttributes = {
					680BBC452E613B3F00D716B9 = {
						CreatedOnToolsVersion = 16.4;
					};
					680BBC582E613B4000D716B9 = {
						CreatedOnToolsVersion = 16.4;
						TestTargetID = 680BBC452E613B3F00D716B9;
					};
					680BBC622E613B4000D716B9 = {
						CreatedOnToolsVersion = 16.4;
						TestTargetID = 680BBC452E613B3F00D716B9;
					};
				};
			};
			buildConfigurationList = 680BBC412E613B3F00D716B9 /* Build configuration list for PBXProject "DumbbellWeights" */;
			developmentRegion = en;
			hasScannedForEncodings = 0;
			knownRegions = (
				en,
				Base,
			);
			mainGroup = 680BBC3D2E613B3F00D716B9;
			minimizedProjectReferenceProxies = 1;
			packageReferences = (
				6889A34A2EAED9B100DEE96B /* XCRemoteSwiftPackageReference "firebase-ios-sdk" */,
			);
			preferredProjectObjectVersion = 77;
			productRefGroup = 680BBC472E613B3F00D716B9 /* Products */;
			projectDirPath = "";
			projectRoot = "";
			targets = (
				680BBC452E613B3F00D716B9 /* DumbbellWeights */,
				680BBC582E613B4000D716B9 /* DumbbellWeightsTests */,
				680BBC622E613B4000D716B9 /* DumbbellWeightsUITests */,
			);
		};
/* End PBXProject section */

/* Begin PBXResourcesBuildPhase section */
		680BBC442E613B3F00D716B9 /* Resources */ = {
			isa = PBXResourcesBuildPhase;
			buildActionMask = 2147483647;
			files = (
			);
			runOnlyForDeploymentPostprocessing = 0;
		};
		680BBC572E613B4000D716B9 /* Resources */ = {
			isa = PBXResourcesBuildPhase;
			buildActionMask = 2147483647;
			files = (
			);
			runOnlyForDeploymentPostprocessing = 0;
		};
		680BBC612E613B4000D716B9 /* Resources */ = {
			isa = PBXResourcesBuildPhase;
			buildActionMask = 2147483647;
			files = (
			);
			runOnlyForDeploymentPostprocessing = 0;
		};
/* End PBXResourcesBuildPhase section */

/* Begin PBXSourcesBuildPhase section */
		680BBC422E613B3F00D716B9 /* Sources */ = {
			isa = PBXSourcesBuildPhase;
			buildActionMask = 2147483647;
			files = (
			);
			runOnlyForDeploymentPostprocessing = 0;
		};
		680BBC552E613B4000D716B9 /* Sources */ = {
			isa = PBXSourcesBuildPhase;
			buildActionMask = 2147483647;
			files = (
			);
			runOnlyForDeploymentPostprocessing = 0;
		};
		680BBC5F2E613B4000D716B9 /* Sources */ = {
			isa = PBXSourcesBuildPhase;
			buildActionMask = 2147483647;
			files = (
			);
			runOnlyForDeploymentPostprocessing = 0;
		};
/* End PBXSourcesBuildPhase section */

/* Begin PBXTargetDependency section */
		680BBC5B2E613B4000D716B9 /* PBXTargetDependency */ = {
			isa = PBXTargetDependency;
			target = 680BBC452E613B3F00D716B9 /* DumbbellWeights */;
			targetProxy = 680BBC5A2E613B4000D716B9 /* PBXContainerItemProxy */;
		};
		680BBC652E613B4000D716B9 /* PBXTargetDependency */ = {
			isa = PBXTargetDependency;
			target = 680BBC452E613B3F00D716B9 /* DumbbellWeights */;
			targetProxy = 680BBC642E613B4000D716B9 /* PBXContainerItemProxy */;
		};
/* End PBXTargetDependency section */

/* Begin XCBuildConfiguration section */
		680BBC6B2E613B4000D716B9 /* Debug */ = {
			isa = XCBuildConfiguration;
			buildSettings = {
				ALWAYS_SEARCH_USER_PATHS = NO;
				ASSETCATALOG_COMPILER_GENERATE_SWIFT_ASSET_SYMBOL_EXTENSIONS = YES;
				CLANG_ANALYZER_NONNULL = YES;
				CLANG_ANALYZER_NUMBER_OBJECT_CONVERSION = YES_AGGRESSIVE;
				CLANG_CXX_LANGUAGE_STANDARD = "gnu++20";
				CLANG_ENABLE_MODULES = YES;
				CLANG_ENABLE_OBJC_ARC = YES;
				CLANG_ENABLE_OBJC_WEAK = YES;
				CLANG_WARN_BLOCK_CAPTURE_AUTORELEASING = YES;
				CLANG_WARN_BOOL_CONVERSION = YES;
				CLANG_WARN_COMMA = YES;
				CLANG_WARN_CONSTANT_CONVERSION = YES;
				CLANG_WARN_DEPRECATED_OBJC_IMPLEMENTATIONS = YES;
				CLANG_WARN_DIRECT_OBJC_ISA_USAGE = YES_ERROR;
				CLANG_WARN_DOCUMENTATION_COMMENTS = YES;
				CLANG_WARN_EMPTY_BODY = YES;
				CLANG_WARN_ENUM_CONVERSION = YES;
				CLANG_WARN_INFINITE_RECURSION = YES;
				CLANG_WARN_INT_CONVERSION = YES;
				CLANG_WARN_NON_LITERAL_NULL_CONVERSION = YES;
				CLANG_WARN_OBJC_IMPLICIT_RETAIN_SELF = YES;
				CLANG_WARN_OBJC_LITERAL_CONVERSION = YES;
				CLANG_WARN_OBJC_ROOT_CLASS = YES_ERROR;
				CLANG_WARN_QUOTED_INCLUDE_IN_FRAMEWORK_HEADER = YES;
				CLANG_WARN_RANGE_LOOP_ANALYSIS = YES;
				CLANG_WARN_STRICT_PROTOTYPES = YES;
				CLANG_WARN_SUSPICIOUS_MOVE = YES;
				CLANG_WARN_UNGUARDED_AVAILABILITY = YES_AGGRESSIVE;
				CLANG_WARN_UNREACHABLE_CODE = YES;
				CLANG_WARN__DUPLICATE_METHOD_MATCH = YES;
				COPY_PHASE_STRIP = NO;
				DEAD_CODE_STRIPPING = YES;
				DEBUG_INFORMATION_FORMAT = dwarf;
				DEVELOPMENT_TEAM = T8UW5AA232;
				ENABLE_STRICT_OBJC_MSGSEND = YES;
				ENABLE_TESTABILITY = YES;
				ENABLE_USER_SCRIPT_SANDBOXING = YES;
				GCC_C_LANGUAGE_STANDARD = gnu17;
				GCC_DYNAMIC_NO_PIC = NO;
				GCC_NO_COMMON_BLOCKS = YES;
				GCC_OPTIMIZATION_LEVEL = 0;
				GCC_PREPROCESSOR_DEFINITIONS = (
					"DEBUG=1",
					"$(inherited)",
				);
				GCC_WARN_64_TO_32_BIT_CONVERSION = YES;
				GCC_WARN_ABOUT_RETURN_TYPE = YES_ERROR;
				GCC_WARN_UNDECLARED_SELECTOR = YES;
				GCC_WARN_UNINITIALIZED_AUTOS = YES_AGGRESSIVE;
				GCC_WARN_UNUSED_FUNCTION = YES;
				GCC_WARN_UNUSED_VARIABLE = YES;
				LOCALIZATION_PREFERS_STRING_CATALOGS = YES;
				MTL_ENABLE_DEBUG_INFO = INCLUDE_SOURCE;
				MTL_FAST_MATH = YES;
				ONLY_ACTIVE_ARCH = YES;
				STRING_CATALOG_GENERATE_SYMBOLS = YES;
				SWIFT_ACTIVE_COMPILATION_CONDITIONS = "DEBUG $(inherited)";
				SWIFT_OPTIMIZATION_LEVEL = "-Onone";
			};
			name = Debug;
		};
		680BBC6C2E613B4000D716B9 /* Release */ = {
			isa = XCBuildConfiguration;
			buildSettings = {
				ALWAYS_SEARCH_USER_PATHS = NO;
				ASSETCATALOG_COMPILER_GENERATE_SWIFT_ASSET_SYMBOL_EXTENSIONS = YES;
				CLANG_ANALYZER_NONNULL = YES;
				CLANG_ANALYZER_NUMBER_OBJECT_CONVERSION = YES_AGGRESSIVE;
				CLANG_CXX_LANGUAGE_STANDARD = "gnu++20";
				CLANG_ENABLE_MODULES = YES;
				CLANG_ENABLE_OBJC_ARC = YES;
				CLANG_ENABLE_OBJC_WEAK = YES;
				CLANG_WARN_BLOCK_CAPTURE_AUTORELEASING = YES;
				CLANG_WARN_BOOL_CONVERSION = YES;
				CLANG_WARN_COMMA = YES;
				CLANG_WARN_CONSTANT_CONVERSION = YES;
				CLANG_WARN_DEPRECATED_OBJC_IMPLEMENTATIONS = YES;
				CLANG_WARN_DIRECT_OBJC_ISA_USAGE = YES_ERROR;
				CLANG_WARN_DOCUMENTATION_COMMENTS = YES;
				CLANG_WARN_EMPTY_BODY = YES;
				CLANG_WARN_ENUM_CONVERSION = YES;
				CLANG_WARN_INFINITE_RECURSION = YES;
				CLANG_WARN_INT_CONVERSION = YES;
				CLANG_WARN_NON_LITERAL_NULL_CONVERSION = YES;
				CLANG_WARN_OBJC_IMPLICIT_RETAIN_SELF = YES;
				CLANG_WARN_OBJC_LITERAL_CONVERSION = YES;
				CLANG_WARN_OBJC_ROOT_CLASS = YES_ERROR;
				CLANG_WARN_QUOTED_INCLUDE_IN_FRAMEWORK_HEADER = YES;
				CLANG_WARN_RANGE_LOOP_ANALYSIS = YES;
				CLANG_WARN_STRICT_PROTOTYPES = YES;
				CLANG_WARN_SUSPICIOUS_MOVE = YES;
				CLANG_WARN_UNGUARDED_AVAILABILITY = YES_AGGRESSIVE;
				CLANG_WARN_UNREACHABLE_CODE = YES;
				CLANG_WARN__DUPLICATE_METHOD_MATCH = YES;
				COPY_PHASE_STRIP = NO;
				DEAD_CODE_STRIPPING = YES;
				DEBUG_INFORMATION_FORMAT = "dwarf-with-dsym";
				DEVELOPMENT_TEAM = T8UW5AA232;
				ENABLE_NS_ASSERTIONS = NO;
				ENABLE_STRICT_OBJC_MSGSEND = YES;
				ENABLE_USER_SCRIPT_SANDBOXING = YES;
				GCC_C_LANGUAGE_STANDARD = gnu17;
				GCC_NO_COMMON_BLOCKS = YES;
				GCC_WARN_64_TO_32_BIT_CONVERSION = YES;
				GCC_WARN_ABOUT_RETURN_TYPE = YES_ERROR;
				GCC_WARN_UNDECLARED_SELECTOR = YES;
				GCC_WARN_UNINITIALIZED_AUTOS = YES_AGGRESSIVE;
				GCC_WARN_UNUSED_FUNCTION = YES;
				GCC_WARN_UNUSED_VARIABLE = YES;
				LOCALIZATION_PREFERS_STRING_CATALOGS = YES;
				MTL_ENABLE_DEBUG_INFO = NO;
				MTL_FAST_MATH = YES;
				STRING_CATALOG_GENERATE_SYMBOLS = YES;
				SWIFT_COMPILATION_MODE = wholemodule;
			};
			name = Release;
		};
		680BBC6E2E613B4000D716B9 /* Debug */ = {
			isa = XCBuildConfiguration;
			buildSettings = {
				ASSETCATALOG_COMPILER_APPICON_NAME = "dumbbell log icon";
				ASSETCATALOG_COMPILER_GLOBAL_ACCENT_COLOR_NAME = AccentColor;
				CODE_SIGN_ENTITLEMENTS = DumbbellWeights/DumbbellWeights.entitlements;
				CODE_SIGN_STYLE = Automatic;
				CURRENT_PROJECT_VERSION = 1;
				DEAD_CODE_STRIPPING = YES;
				DEVELOPMENT_TEAM = T8UW5AA232;
				ENABLE_APP_SANDBOX = YES;
				ENABLE_HARDENED_RUNTIME = YES;
				ENABLE_PREVIEWS = YES;
				ENABLE_USER_SELECTED_FILES = readonly;
				GENERATE_INFOPLIST_FILE = YES;
				INFOPLIST_KEY_CFBundleDisplayName = "Dumbbell Log";
				"INFOPLIST_KEY_UIApplicationSceneManifest_Generation[sdk=iphoneos*]" = YES;
				"INFOPLIST_KEY_UIApplicationSceneManifest_Generation[sdk=iphonesimulator*]" = YES;
				"INFOPLIST_KEY_UIApplicationSupportsIndirectInputEvents[sdk=iphoneos*]" = YES;
				"INFOPLIST_KEY_UIApplicationSupportsIndirectInputEvents[sdk=iphonesimulator*]" = YES;
				"INFOPLIST_KEY_UILaunchScreen_Generation[sdk=iphoneos*]" = YES;
				"INFOPLIST_KEY_UILaunchScreen_Generation[sdk=iphonesimulator*]" = YES;
				"INFOPLIST_KEY_UIStatusBarStyle[sdk=iphoneos*]" = UIStatusBarStyleDefault;
				"INFOPLIST_KEY_UIStatusBarStyle[sdk=iphonesimulator*]" = UIStatusBarStyleDefault;
				INFOPLIST_KEY_UISupportedInterfaceOrientations_iPad = "UIInterfaceOrientationPortrait UIInterfaceOrientationPortraitUpsideDown UIInterfaceOrientationLandscapeLeft UIInterfaceOrientationLandscapeRight";
				INFOPLIST_KEY_UISupportedInterfaceOrientations_iPhone = "UIInterfaceOrientationPortrait UIInterfaceOrientationLandscapeLeft UIInterfaceOrientationLandscapeRight";
				IPHONEOS_DEPLOYMENT_TARGET = 18.5;
				LD_RUNPATH_SEARCH_PATHS = "@executable_path/Frameworks";
				"LD_RUNPATH_SEARCH_PATHS[sdk=macosx*]" = "@executable_path/../Frameworks";
				MACOSX_DEPLOYMENT_TARGET = 15.5;
				MARKETING_VERSION = 1.0;
				PRODUCT_BUNDLE_IDENTIFIER = com.didierfuentes.DumbbellWeights;
				PRODUCT_NAME = "$(TARGET_NAME)";
				REGISTER_APP_GROUPS = YES;
				SDKROOT = auto;
				SUPPORTED_PLATFORMS = "iphoneos iphonesimulator";
				SUPPORTS_MACCATALYST = NO;
				SWIFT_EMIT_LOC_STRINGS = YES;
				SWIFT_VERSION = 5.0;
				TARGETED_DEVICE_FAMILY = 1;
				XROS_DEPLOYMENT_TARGET = 2.5;
			};
			name = Debug;
		};
		680BBC6F2E613B4000D716B9 /* Release */ = {
			isa = XCBuildConfiguration;
			buildSettings = {
				ASSETCATALOG_COMPILER_APPICON_NAME = "dumbbell log icon";
				ASSETCATALOG_COMPILER_GLOBAL_ACCENT_COLOR_NAME = AccentColor;
				CODE_SIGN_ENTITLEMENTS = DumbbellWeights/DumbbellWeights.entitlements;
				CODE_SIGN_STYLE = Automatic;
				CURRENT_PROJECT_VERSION = 1;
				DEAD_CODE_STRIPPING = YES;
				DEVELOPMENT_TEAM = T8UW5AA232;
				ENABLE_APP_SANDBOX = YES;
				ENABLE_HARDENED_RUNTIME = YES;
				ENABLE_PREVIEWS = YES;
				ENABLE_USER_SELECTED_FILES = readonly;
				GENERATE_INFOPLIST_FILE = YES;
				INFOPLIST_KEY_CFBundleDisplayName = "Dumbbell Log";
				"INFOPLIST_KEY_UIApplicationSceneManifest_Generation[sdk=iphoneos*]" = YES;
				"INFOPLIST_KEY_UIApplicationSceneManifest_Generation[sdk=iphonesimulator*]" = YES;
				"INFOPLIST_KEY_UIApplicationSupportsIndirectInputEvents[sdk=iphoneos*]" = YES;
				"INFOPLIST_KEY_UIApplicationSupportsIndirectInputEvents[sdk=iphonesimulator*]" = YES;
				"INFOPLIST_KEY_UILaunchScreen_Generation[sdk=iphoneos*]" = YES;
				"INFOPLIST_KEY_UILaunchScreen_Generation[sdk=iphonesimulator*]" = YES;
				"INFOPLIST_KEY_UIStatusBarStyle[sdk=iphoneos*]" = UIStatusBarStyleDefault;
				"INFOPLIST_KEY_UIStatusBarStyle[sdk=iphonesimulator*]" = UIStatusBarStyleDefault;
				INFOPLIST_KEY_UISupportedInterfaceOrientations_iPad = "UIInterfaceOrientationPortrait UIInterfaceOrientationPortraitUpsideDown UIInterfaceOrientationLandscapeLeft UIInterfaceOrientationLandscapeRight";
				INFOPLIST_KEY_UISupportedInterfaceOrientations_iPhone = "UIInterfaceOrientationPortrait UIInterfaceOrientationLandscapeLeft UIInterfaceOrientationLandscapeRight";
				IPHONEOS_DEPLOYMENT_TARGET = 18.5;
				LD_RUNPATH_SEARCH_PATHS = "@executable_path/Frameworks";
				"LD_RUNPATH_SEARCH_PATHS[sdk=macosx*]" = "@executable_path/../Frameworks";
				MACOSX_DEPLOYMENT_TARGET = 15.5;
				MARKETING_VERSION = 1.0;
				PRODUCT_BUNDLE_IDENTIFIER = com.didierfuentes.DumbbellWeights;
				PRODUCT_NAME = "$(TARGET_NAME)";
				REGISTER_APP_GROUPS = YES;
				SDKROOT = auto;
				SUPPORTED_PLATFORMS = "iphoneos iphonesimulator";
				SUPPORTS_MACCATALYST = NO;
				SWIFT_EMIT_LOC_STRINGS = YES;
				SWIFT_VERSION = 5.0;
				TARGETED_DEVICE_FAMILY = 1;
				XROS_DEPLOYMENT_TARGET = 2.5;
			};
			name = Release;
		};
		680BBC712E613B4000D716B9 /* Debug */ = {
			isa = XCBuildConfiguration;
			buildSettings = {
				BUNDLE_LOADER = "$(TEST_HOST)";
				CODE_SIGN_STYLE = Automatic;
				CURRENT_PROJECT_VERSION = 1;
				DEAD_CODE_STRIPPING = YES;
				DEVELOPMENT_TEAM = T8UW5AA232;
				GENERATE_INFOPLIST_FILE = YES;
				IPHONEOS_DEPLOYMENT_TARGET = 18.5;
				MACOSX_DEPLOYMENT_TARGET = 15.5;
				MARKETING_VERSION = 1.0;
				PRODUCT_BUNDLE_IDENTIFIER = com.didierfuentes.DumbbellWeightsTests;
				PRODUCT_NAME = "$(TARGET_NAME)";
				SDKROOT = auto;
				SUPPORTED_PLATFORMS = "iphoneos iphonesimulator macosx xros xrsimulator";
				SWIFT_EMIT_LOC_STRINGS = NO;
				SWIFT_VERSION = 5.0;
				TARGETED_DEVICE_FAMILY = "1,2,7";
				TEST_HOST = "$(BUILT_PRODUCTS_DIR)/DumbbellWeights.app/$(BUNDLE_EXECUTABLE_FOLDER_PATH)/DumbbellWeights";
				XROS_DEPLOYMENT_TARGET = 2.5;
			};
			name = Debug;
		};
		680BBC722E613B4000D716B9 /* Release */ = {
			isa = XCBuildConfiguration;
			buildSettings = {
				BUNDLE_LOADER = "$(TEST_HOST)";
				CODE_SIGN_STYLE = Automatic;
				CURRENT_PROJECT_VERSION = 1;
				DEAD_CODE_STRIPPING = YES;
				DEVELOPMENT_TEAM = T8UW5AA232;
				GENERATE_INFOPLIST_FILE = YES;
				IPHONEOS_DEPLOYMENT_TARGET = 18.5;
				MACOSX_DEPLOYMENT_TARGET = 15.5;
				MARKETING_VERSION = 1.0;
				PRODUCT_BUNDLE_IDENTIFIER = com.didierfuentes.DumbbellWeightsTests;
				PRODUCT_NAME = "$(TARGET_NAME)";
				SDKROOT = auto;
				SUPPORTED_PLATFORMS = "iphoneos iphonesimulator macosx xros xrsimulator";
				SWIFT_EMIT_LOC_STRINGS = NO;
				SWIFT_VERSION = 5.0;
				TARGETED_DEVICE_FAMILY = "1,2,7";
				TEST_HOST = "$(BUILT_PRODUCTS_DIR)/DumbbellWeights.app/$(BUNDLE_EXECUTABLE_FOLDER_PATH)/DumbbellWeights";
				XROS_DEPLOYMENT_TARGET = 2.5;
			};
			name = Release;
		};
		680BBC742E613B4000D716B9 /* Debug */ = {
			isa = XCBuildConfiguration;
			buildSettings = {
				CODE_SIGN_STYLE = Automatic;
				CURRENT_PROJECT_VERSION = 1;
				DEAD_CODE_STRIPPING = YES;
				DEVELOPMENT_TEAM = T8UW5AA232;
				GENERATE_INFOPLIST_FILE = YES;
				IPHONEOS_DEPLOYMENT_TARGET = 18.5;
				MACOSX_DEPLOYMENT_TARGET = 15.5;
				MARKETING_VERSION = 1.0;
				PRODUCT_BUNDLE_IDENTIFIER = com.didierfuentes.DumbbellWeightsUITests;
				PRODUCT_NAME = "$(TARGET_NAME)";
				SDKROOT = auto;
				SUPPORTED_PLATFORMS = "iphoneos iphonesimulator macosx xros xrsimulator";
				SWIFT_EMIT_LOC_STRINGS = NO;
				SWIFT_VERSION = 5.0;
				TARGETED_DEVICE_FAMILY = "1,2,7";
				TEST_TARGET_NAME = DumbbellWeights;
				XROS_DEPLOYMENT_TARGET = 2.5;
			};
			name = Debug;
		};
		680BBC752E613B4000D716B9 /* Release */ = {
			isa = XCBuildConfiguration;
			buildSettings = {
				CODE_SIGN_STYLE = Automatic;
				CURRENT_PROJECT_VERSION = 1;
				DEAD_CODE_STRIPPING = YES;
				DEVELOPMENT_TEAM = T8UW5AA232;
				GENERATE_INFOPLIST_FILE = YES;
				IPHONEOS_DEPLOYMENT_TARGET = 18.5;
				MACOSX_DEPLOYMENT_TARGET = 15.5;
				MARKETING_VERSION = 1.0;
				PRODUCT_BUNDLE_IDENTIFIER = com.didierfuentes.DumbbellWeightsUITests;
				PRODUCT_NAME = "$(TARGET_NAME)";
				SDKROOT = auto;
				SUPPORTED_PLATFORMS = "iphoneos iphonesimulator macosx xros xrsimulator";
				SWIFT_EMIT_LOC_STRINGS = NO;
				SWIFT_VERSION = 5.0;
				TARGETED_DEVICE_FAMILY = "1,2,7";
				TEST_TARGET_NAME = DumbbellWeights;
				XROS_DEPLOYMENT_TARGET = 2.5;
			};
			name = Release;
		};
/* End XCBuildConfiguration section */

/* Begin XCConfigurationList section */
		680BBC412E613B3F00D716B9 /* Build configuration list for PBXProject "DumbbellWeights" */ = {
			isa = XCConfigurationList;
			buildConfigurations = (
				680BBC6B2E613B4000D716B9 /* Debug */,
				680BBC6C2E613B4000D716B9 /* Release */,
			);
			defaultConfigurationIsVisible = 0;
			defaultConfigurationName = Release;
		};
		680BBC6D2E613B4000D716B9 /* Build configuration list for PBXNativeTarget "DumbbellWeights" */ = {
			isa = XCConfigurationList;
			buildConfigurations = (
				680BBC6E2E613B4000D716B9 /* Debug */,
				680BBC6F2E613B4000D716B9 /* Release */,
			);
			defaultConfigurationIsVisible = 0;
			defaultConfigurationName = Release;
		};
		680BBC702E613B4000D716B9 /* Build configuration list for PBXNativeTarget "DumbbellWeightsTests" */ = {
			isa = XCConfigurationList;
			buildConfigurations = (
				680BBC712E613B4000D716B9 /* Debug */,
				680BBC722E613B4000D716B9 /* Release */,
			);
			defaultConfigurationIsVisible = 0;
			defaultConfigurationName = Release;
		};
		680BBC732E613B4000D716B9 /* Build configuration list for PBXNativeTarget "DumbbellWeightsUITests" */ = {
			isa = XCConfigurationList;
			buildConfigurations = (
				680BBC742E613B4000D716B9 /* Debug */,
				680BBC752E613B4000D716B9 /* Release */,
			);
			defaultConfigurationIsVisible = 0;
			defaultConfigurationName = Release;
		};
/* End XCConfigurationList section */

/* Begin XCRemoteSwiftPackageReference section */
		6889A34A2EAED9B100DEE96B /* XCRemoteSwiftPackageReference "firebase-ios-sdk" */ = {
			isa = XCRemoteSwiftPackageReference;
			repositoryURL = "https://github.com/firebase/firebase-ios-sdk";
			requirement = {
				kind = upToNextMajorVersion;
				minimumVersion = 12.4.0;
			};
		};
/* End XCRemoteSwiftPackageReference section */

/* Begin XCSwiftPackageProductDependency section */
		6889A34B2EAED9B100DEE96B /* FirebaseAnalytics */ = {
			isa = XCSwiftPackageProductDependency;
			package = 6889A34A2EAED9B100DEE96B /* XCRemoteSwiftPackageReference "firebase-ios-sdk" */;
			productName = FirebaseAnalytics;
		};
		6889A34D2EAED9B100DEE96B /* FirebaseAnalyticsCore */ = {
			isa = XCSwiftPackageProductDependency;
			package = 6889A34A2EAED9B100DEE96B /* XCRemoteSwiftPackageReference "firebase-ios-sdk" */;
			productName = FirebaseAnalyticsCore;
		};
		6889A34F2EAED9B100DEE96B /* FirebaseAnalyticsIdentitySupport */ = {
			isa = XCSwiftPackageProductDependency;
			package = 6889A34A2EAED9B100DEE96B /* XCRemoteSwiftPackageReference "firebase-ios-sdk" */;
			productName = FirebaseAnalyticsIdentitySupport;
		};
		6889A3512EAED9B100DEE96B /* FirebaseAppCheck */ = {
			isa = XCSwiftPackageProductDependency;
			package = 6889A34A2EAED9B100DEE96B /* XCRemoteSwiftPackageReference "firebase-ios-sdk" */;
			productName = FirebaseAppCheck;
		};
/* End XCSwiftPackageProductDependency section */
	};
	rootObject = 680BBC3E2E613B3F00D716B9 /* Project object */;
}
